
Microsoft Visual Studio Solution File, Format Version 12.00
# Visual Studio 15
VisualStudioVersion = 15.0.27004.2002
MinimumVisualStudioVersion = 10.0.40219.1
Project("{FAE04EC0-301F-11D3-BF4B-00C04F79EFBC}") = "NameSorterDisplay", "NameSorterDisplay\NameSorterDisplay.csproj", "{C2F5F93D-3EE7-4EEB-9631-B61C5FC34531}"
EndProject
Global
	GlobalSection(SolutionConfigurationPlatforms) = preSolution
		Debug|Any CPU = Debug|Any CPU
		Release|Any CPU = Release|Any CPU
	EndGlobalSection
	GlobalSection(ProjectConfigurationPlatforms) = postSolution
		{C2F5F93D-3EE7-4EEB-9631-B61C5FC34531}.Debug|Any CPU.ActiveCfg = Debug|Any CPU
		{C2F5F93D-3EE7-4EEB-9631-B61C5FC34531}.Debug|Any CPU.Build.0 = Debug|Any CPU
		{C2F5F93D-3EE7-4EEB-9631-B61C5FC34531}.Release|Any CPU.ActiveCfg = Release|Any CPU
		{C2F5F93D-3EE7-4EEB-9631-B61C5FC34531}.Release|Any CPU.Build.0 = Release|Any CPU
	EndGlobalSection
	GlobalSection(SolutionProperties) = preSolution
		HideSolutionNode = FALSE
	EndGlobalSection
	GlobalSection(ExtensibilityGlobals) = postSolution
		SolutionGuid = {EF7BD6A9-02A1-4288-9117-E1BC0689F414}
	EndGlobalSection
EndGlobal
